{
  "name": "ez-ng-testing",
  "version": "1.0.0",
  "lockfileVersion": 1,
  "requires": true,
  "dependencies": {
    "@angular/core": {
      "version": "7.0.4",
      "resolved": "https://registry.npmjs.org/@angular/core/-/core-7.0.4.tgz",
      "integrity": "sha512-17SSmCz1wQoZKnVHF/T8UkWYPpDm5kPyoc1okkTTv8ZA2EAMMuZFFnRSAxEL5i7mNB9z5CvRqF2tRx/DbgbIRA==",
      "dev": true,
      "requires": {
        "tslib": "^1.9.0"
      }
    },
    "@angular/platform-browser": {
      "version": "7.0.4",
      "resolved": "https://registry.npmjs.org/@angular/platform-browser/-/platform-browser-7.0.4.tgz",
      "integrity": "sha512-4brYZZgsCJk1/a6JoSwaiVWO9+/T4iyE27dAgstao1nOf/jrBNKW2HnZtkWZmCCBK0WIk15wlB0Xr87OZbjNVA==",
      "dev": true,
      "requires": {
        "tslib": "^1.9.0"
      }
    },
    "tslib": {
      "version": "1.9.3",
      "resolved": "https://registry.npmjs.org/tslib/-/tslib-1.9.3.tgz",
      "integrity": "sha512-4krF8scpejhaOgqzBEcGM7yDIEfi0/8+8zDRZhNZZ2kjmHJ4hv3zCbQWxoJGz1iw5U0Jl0nma13xzHXcncMavQ==",
      "dev": true
    }
  }
}
